# THIS IS AN AUTOGENERATED FILE. DO NOT EDIT THIS FILE DIRECTLY.
# yarn lockfile v1


three@^0.131.3:
  version "0.131.3"
  resolved "https://registry.yarnpkg.com/three/-/three-0.131.3.tgz#406fd210c603ca9154937ae3582996fbfd3cb716"
  integrity sha512-VkZAv8ZTJqiE/fyEmoWLxcNHImpVcjqW7RO0GzMu3tRpwO0KUvK9pjTmJzJcAbc51BOeB2G38zh80yjHTbP8gQ==
